# This file is automatically @generated by Cargo.
# It is not intended for manual editing.
version = 3

[[package]]
name = "proc-macro2"
version = "1.0.76"
source = "registry+https://github.com/rust-lang/crates.io-index"
checksum = "95fc56cda0b5c3325f5fbbd7ff9fda9e02bb00bb3dac51252d2f1bfa1cb8cc8c"
dependencies = [
 "unicode-ident",
]

[[package]]
name = "proclet"
version = "0.1.0"
source = "registry+https://github.com/rust-lang/crates.io-index"
checksum = "8165ba8b3b010e051e10ef7dbd61f9a4c994fa9ad422968c715f206ff48b08af"

[[package]]
name = "proclet"
version = "0.2.0"
dependencies = [
 "proc-macro2",
]

[[package]]
name = "proclet-test-macros"
version = "0.1.0"
dependencies = [
 "proc-macro2",
 "proclet 0.2.0",
 "proclet-utils",
]

[[package]]
name = "proclet-tests"
version = "0.1.0"
dependencies = [
 "proclet 0.2.0",
 "proclet-test-macros",
]

[[package]]
name = "proclet-utils"
version = "0.1.5"
dependencies = [
 "proclet 0.1.0",
 "proclet-utils-macros",
]

[[package]]
name = "proclet-utils-macros"
version = "0.1.2"
dependencies = [
 "proclet 0.2.0",
]

[[package]]
name = "str-block"
version = "0.1.1"
dependencies = [
 "proclet 0.2.0",
]

[[package]]
name = "unicode-ident"
version = "1.0.12"
source = "registry+https://github.com/rust-lang/crates.io-index"
checksum = "3354b9ac3fae1ff6755cb6db53683adb661634f67557942dea4facebec0fee4b"
